
Microsoft Visual Studio Solution File, Format Version 12.00
# Visual Studio 15
VisualStudioVersion = 15.0.33919.361
MinimumVisualStudioVersion = 10.0.40219.1
Project("{F184B08F-C81C-45F6-A57F-5ABD9991F28F}") = "bell triangle", "bell triangle\bell triangle.vbproj", "{B7DA7D65-584A-4BF7-A1DE-9BA01F2C53D5}"
EndProject
Global
	GlobalSection(SolutionConfigurationPlatforms) = preSolution
		Debug|Any CPU = Debug|Any CPU
		Release|Any CPU = Release|Any CPU
	EndGlobalSection
	GlobalSection(ProjectConfigurationPlatforms) = postSolution
		{B7DA7D65-584A-4BF7-A1DE-9BA01F2C53D5}.Debug|Any CPU.ActiveCfg = Debug|Any CPU
		{B7DA7D65-584A-4BF7-A1DE-9BA01F2C53D5}.Debug|Any CPU.Build.0 = Debug|Any CPU
		{B7DA7D65-584A-4BF7-A1DE-9BA01F2C53D5}.Release|Any CPU.ActiveCfg = Release|Any CPU
		{B7DA7D65-584A-4BF7-A1DE-9BA01F2C53D5}.Release|Any CPU.Build.0 = Release|Any CPU
	EndGlobalSection
	GlobalSection(SolutionProperties) = preSolution
		HideSolutionNode = FALSE
	EndGlobalSection
	GlobalSection(ExtensibilityGlobals) = postSolution
		SolutionGuid = {99D38A5B-2224-4F64-9F7F-B13DDE7214CD}
	EndGlobalSection
EndGlobal
